// !$*UTF8*$!
{
	archiveVersion = 1;
	classes = {
	};
	objectVersion = 46;
	objects = {

/* Begin PBXBuildFile section */
		7D67C96016CD88C100C09A80 /* UIKit.framework in Frameworks */ = {isa = PBXBuildFile; fileRef = 7D67C95F16CD88C100C09A80 /* UIKit.framework */; };
		7D67C96216CD88C100C09A80 /* Foundation.framework in Frameworks */ = {isa = PBXBuildFile; fileRef = 7D67C96116CD88C100C09A80 /* Foundation.framework */; };
		7D67C96416CD88C100C09A80 /* CoreGraphics.framework in Frameworks */ = {isa = PBXBuildFile; fileRef = 7D67C96316CD88C100C09A80 /* CoreGraphics.framework */; };
		7D67C96A16CD88C100C09A80 /* InfoPlist.strings in Resources */ = {isa = PBXBuildFile; fileRef = 7D67C96816CD88C100C09A80 /* InfoPlist.strings */; };
		7D67C96C16CD88C100C09A80 /* main.m in Sources */ = {isa = PBXBuildFile; fileRef = 7D67C96B16CD88C100C09A80 /* main.m */; };
		7D67C97016CD88C100C09A80 /* AppDelegate.m in Sources */ = {isa = PBXBuildFile; fileRef = 7D67C96F16CD88C100C09A80 /* AppDelegate.m */; };
		7D67C97216CD88C100C09A80 /* Default.png in Resources */ = {isa = PBXBuildFile; fileRef = 7D67C97116CD88C100C09A80 /* Default.png */; };
		7D67C97416CD88C100C09A80 /* Default@2x.png in Resources */ = {isa = PBXBuildFile; fileRef = 7D67C97316CD88C100C09A80 /* Default@2x.png */; };
		7D67C97616CD88C100C09A80 /* Default-568h@2x.png in Resources */ = {isa = PBXBuildFile; fileRef = 7D67C97516CD88C100C09A80 /* Default-568h@2x.png */; };
		7D67C97916CD88C100C09A80 /* ViewController.m in Sources */ = {isa = PBXBuildFile; fileRef = 7D67C97816CD88C100C09A80 /* ViewController.m */; };
		7D67C97C16CD88C100C09A80 /* ViewController_iPhone.xib in Resources */ = {isa = PBXBuildFile; fileRef = 7D67C97A16CD88C100C09A80 /* ViewController_iPhone.xib */; };
		7D67C97F16CD88C100C09A80 /* ViewController_iPad.xib in Resources */ = {isa = PBXBuildFile; fileRef = 7D67C97D16CD88C100C09A80 /* ViewController_iPad.xib */; };
		7D67C98716CD88C100C09A80 /* SenTestingKit.framework in Frameworks */ = {isa = PBXBuildFile; fileRef = 7D67C98616CD88C100C09A80 /* SenTestingKit.framework */; };
		7D67C98816CD88C100C09A80 /* UIKit.framework in Frameworks */ = {isa = PBXBuildFile; fileRef = 7D67C95F16CD88C100C09A80 /* UIKit.framework */; };
		7D67C98916CD88C100C09A80 /* Foundation.framework in Frameworks */ = {isa = PBXBuildFile; fileRef = 7D67C96116CD88C100C09A80 /* Foundation.framework */; };
		7D67C99116CD88C100C09A80 /* InfoPlist.strings in Resources */ = {isa = PBXBuildFile; fileRef = 7D67C98F16CD88C100C09A80 /* InfoPlist.strings */; };
		7D67C99416CD88C100C09A80 /* DwollaV2Tests.m in Sources */ = {isa = PBXBuildFile; fileRef = 7D67C99316CD88C100C09A80 /* DwollaV2Tests.m */; };
/* End PBXBuildFile section */

/* Begin PBXContainerItemProxy section */
		7D67C98A16CD88C100C09A80 /* PBXContainerItemProxy */ = {
			isa = PBXContainerItemProxy;
			containerPortal = 7D67C95216CD88C000C09A80 /* Project object */;
			proxyType = 1;
			remoteGlobalIDString = 7D67C95A16CD88C000C09A80;
			remoteInfo = DwollaV2;
		};
/* End PBXContainerItemProxy section */

/* Begin PBXFileReference section */
		7D67C95B16CD88C100C09A80 /* DwollaV2.app */ = {isa = PBXFileReference; explicitFileType = wrapper.application; includeInIndex = 0; path = DwollaV2.app; sourceTree = BUILT_PRODUCTS_DIR; };
		7D67C95F16CD88C100C09A80 /* UIKit.framework */ = {isa = PBXFileReference; lastKnownFileType = wrapper.framework; name = UIKit.framework; path = System/Library/Frameworks/UIKit.framework; sourceTree = SDKROOT; };
		7D67C96116CD88C100C09A80 /* Foundation.framework */ = {isa = PBXFileReference; lastKnownFileType = wrapper.framework; name = Foundation.framework; path = System/Library/Frameworks/Foundation.framework; sourceTree = SDKROOT; };
		7D67C96316CD88C100C09A80 /* CoreGraphics.framework */ = {isa = PBXFileReference; lastKnownFileType = wrapper.framework; name = CoreGraphics.framework; path = System/Library/Frameworks/CoreGraphics.framework; sourceTree = SDKROOT; };
		7D67C96716CD88C100C09A80 /* DwollaV2-Info.plist */ = {isa = PBXFileReference; lastKnownFileType = text.plist.xml; path = "DwollaV2-Info.plist"; sourceTree = "<group>"; };
		7D67C96916CD88C100C09A80 /* en */ = {isa = PBXFileReference; lastKnownFileType = text.plist.strings; name = en; path = en.lproj/InfoPlist.strings; sourceTree = "<group>"; };
		7D67C96B16CD88C100C09A80 /* main.m */ = {isa = PBXFileReference; lastKnownFileType = sourcecode.c.objc; path = main.m; sourceTree = "<group>"; };
		7D67C96D16CD88C100C09A80 /* DwollaV2-Prefix.pch */ = {isa = PBXFileReference; lastKnownFileType = sourcecode.c.h; path = "DwollaV2-Prefix.pch"; sourceTree = "<group>"; };
		7D67C96E16CD88C100C09A80 /* AppDelegate.h */ = {isa = PBXFileReference; lastKnownFileType = sourcecode.c.h; path = AppDelegate.h; sourceTree = "<group>"; };
		7D67C96F16CD88C100C09A80 /* AppDelegate.m */ = {isa = PBXFileReference; lastKnownFileType = sourcecode.c.objc; path = AppDelegate.m; sourceTree = "<group>"; };
		7D67C97116CD88C100C09A80 /* Default.png */ = {isa = PBXFileReference; lastKnownFileType = image.png; path = Default.png; sourceTree = "<group>"; };
		7D67C97316CD88C100C09A80 /* Default@2x.png */ = {isa = PBXFileReference; lastKnownFileType = image.png; path = "Default@2x.png"; sourceTree = "<group>"; };
		7D67C97516CD88C100C09A80 /* Default-568h@2x.png */ = {isa = PBXFileReference; lastKnownFileType = image.png; path = "Default-568h@2x.png"; sourceTree = "<group>"; };
		7D67C97716CD88C100C09A80 /* ViewController.h */ = {isa = PBXFileReference; lastKnownFileType = sourcecode.c.h; path = ViewController.h; sourceTree = "<group>"; };
		7D67C97816CD88C100C09A80 /* ViewController.m */ = {isa = PBXFileReference; lastKnownFileType = sourcecode.c.objc; path = ViewController.m; sourceTree = "<group>"; };
		7D67C97B16CD88C100C09A80 /* en */ = {isa = PBXFileReference; lastKnownFileType = file.xib; name = en; path = en.lproj/ViewController_iPhone.xib; sourceTree = "<group>"; };
		7D67C97E16CD88C100C09A80 /* en */ = {isa = PBXFileReference; lastKnownFileType = file.xib; name = en; path = en.lproj/ViewController_iPad.xib; sourceTree = "<group>"; };
		7D67C98516CD88C100C09A80 /* DwollaV2Tests.octest */ = {isa = PBXFileReference; explicitFileType = wrapper.cfbundle; includeInIndex = 0; path = DwollaV2Tests.octest; sourceTree = BUILT_PRODUCTS_DIR; };
		7D67C98616CD88C100C09A80 /* SenTestingKit.framework */ = {isa = PBXFileReference; lastKnownFileType = wrapper.framework; name = SenTestingKit.framework; path = Library/Frameworks/SenTestingKit.framework; sourceTree = DEVELOPER_DIR; };
		7D67C98E16CD88C100C09A80 /* DwollaV2Tests-Info.plist */ = {isa = PBXFileReference; lastKnownFileType = text.plist.xml; path = "DwollaV2Tests-Info.plist"; sourceTree = "<group>"; };
		7D67C99016CD88C100C09A80 /* en */ = {isa = PBXFileReference; lastKnownFileType = text.plist.strings; name = en; path = en.lproj/InfoPlist.strings; sourceTree = "<group>"; };
		7D67C99216CD88C100C09A80 /* DwollaV2Tests.h */ = {isa = PBXFileReference; lastKnownFileType = sourcecode.c.h; path = DwollaV2Tests.h; sourceTree = "<group>"; };
		7D67C99316CD88C100C09A80 /* DwollaV2Tests.m */ = {isa = PBXFileReference; lastKnownFileType = sourcecode.c.objc; path = DwollaV2Tests.m; sourceTree = "<group>"; };
/* End PBXFileReference section */

/* Begin PBXFrameworksBuildPhase section */
		7D67C95816CD88C000C09A80 /* Frameworks */ = {
			isa = PBXFrameworksBuildPhase;
			buildActionMask = 2147483647;
			files = (
				7D67C96016CD88C100C09A80 /* UIKit.framework in Frameworks */,
				7D67C96216CD88C100C09A80 /* Foundation.framework in Frameworks */,
				7D67C96416CD88C100C09A80 /* CoreGraphics.framework in Frameworks */,
			);
			runOnlyForDeploymentPostprocessing = 0;
		};
		7D67C98116CD88C100C09A80 /* Frameworks */ = {
			isa = PBXFrameworksBuildPhase;
			buildActionMask = 2147483647;
			files = (
				7D67C98716CD88C100C09A80 /* SenTestingKit.framework in Frameworks */,
				7D67C98816CD88C100C09A80 /* UIKit.framework in Frameworks */,
				7D67C98916CD88C100C09A80 /* Foundation.framework in Frameworks */,
			);
			runOnlyForDeploymentPostprocessing = 0;
		};
/* End PBXFrameworksBuildPhase section */

/* Begin PBXGroup section */
		7D67C95016CD88C000C09A80 = {
			isa = PBXGroup;
			children = (
				7D67C96516CD88C100C09A80 /* DwollaV2 */,
				7D67C98C16CD88C100C09A80 /* DwollaV2Tests */,
				7D67C95E16CD88C100C09A80 /* Frameworks */,
				7D67C95C16CD88C100C09A80 /* Products */,
			);
			sourceTree = "<group>";
		};
		7D67C95C16CD88C100C09A80 /* Products */ = {
			isa = PBXGroup;
			children = (
				7D67C95B16CD88C100C09A80 /* DwollaV2.app */,
				7D67C98516CD88C100C09A80 /* DwollaV2Tests.octest */,
			);
			name = Products;
			sourceTree = "<group>";
		};
		7D67C95E16CD88C100C09A80 /* Frameworks */ = {
			isa = PBXGroup;
			children = (
				7D67C95F16CD88C100C09A80 /* UIKit.framework */,
				7D67C96116CD88C100C09A80 /* Foundation.framework */,
				7D67C96316CD88C100C09A80 /* CoreGraphics.framework */,
				7D67C98616CD88C100C09A80 /* SenTestingKit.framework */,
			);
			name = Frameworks;
			sourceTree = "<group>";
		};
		7D67C96516CD88C100C09A80 /* DwollaV2 */ = {
			isa = PBXGroup;
			children = (
				7D67C96E16CD88C100C09A80 /* AppDelegate.h */,
				7D67C96F16CD88C100C09A80 /* AppDelegate.m */,
				7D67C97716CD88C100C09A80 /* ViewController.h */,
				7D67C97816CD88C100C09A80 /* ViewController.m */,
				7D67C97A16CD88C100C09A80 /* ViewController_iPhone.xib */,
				7D67C97D16CD88C100C09A80 /* ViewController_iPad.xib */,
				7D67C96616CD88C100C09A80 /* Supporting Files */,
			);
			path = DwollaV2;
			sourceTree = "<group>";
		};
		7D67C96616CD88C100C09A80 /* Supporting Files */ = {
			isa = PBXGroup;
			children = (
				7D67C96716CD88C100C09A80 /* DwollaV2-Info.plist */,
				7D67C96816CD88C100C09A80 /* InfoPlist.strings */,
				7D67C96B16CD88C100C09A80 /* main.m */,
				7D67C96D16CD88C100C09A80 /* DwollaV2-Prefix.pch */,
				7D67C97116CD88C100C09A80 /* Default.png */,
				7D67C97316CD88C100C09A80 /* Default@2x.png */,
				7D67C97516CD88C100C09A80 /* Default-568h@2x.png */,
			);
			name = "Supporting Files";
			sourceTree = "<group>";
		};
		7D67C98C16CD88C100C09A80 /* DwollaV2Tests */ = {
			isa = PBXGroup;
			children = (
				7D67C99216CD88C100C09A80 /* DwollaV2Tests.h */,
				7D67C99316CD88C100C09A80 /* DwollaV2Tests.m */,
				7D67C98D16CD88C100C09A80 /* Supporting Files */,
			);
			path = DwollaV2Tests;
			sourceTree = "<group>";
		};
		7D67C98D16CD88C100C09A80 /* Supporting Files */ = {
			isa = PBXGroup;
			children = (
				7D67C98E16CD88C100C09A80 /* DwollaV2Tests-Info.plist */,
				7D67C98F16CD88C100C09A80 /* InfoPlist.strings */,
			);
			name = "Supporting Files";
			sourceTree = "<group>";
		};
/* End PBXGroup section */

/* Begin PBXNativeTarget section */
		7D67C95A16CD88C000C09A80 /* DwollaV2 */ = {
			isa = PBXNativeTarget;
			buildConfigurationList = 7D67C99716CD88C100C09A80 /* Build configuration list for PBXNativeTarget "DwollaV2" */;
			buildPhases = (
				7D67C95716CD88C000C09A80 /* Sources */,
				7D67C95816CD88C000C09A80 /* Frameworks */,
				7D67C95916CD88C000C09A80 /* Resources */,
			);
			buildRules = (
			);
			dependencies = (
			);
			name = DwollaV2;
			productName = DwollaV2;
			productReference = 7D67C95B16CD88C100C09A80 /* DwollaV2.app */;
			productType = "com.apple.product-type.application";
		};
		7D67C98416CD88C100C09A80 /* DwollaV2Tests */ = {
			isa = PBXNativeTarget;
			buildConfigurationList = 7D67C99A16CD88C100C09A80 /* Build configuration list for PBXNativeTarget "DwollaV2Tests" */;
			buildPhases = (
				7D67C98016CD88C100C09A80 /* Sources */,
				7D67C98116CD88C100C09A80 /* Frameworks */,
				7D67C98216CD88C100C09A80 /* Resources */,
				7D67C98316CD88C100C09A80 /* ShellScript */,
			);
			buildRules = (
			);
			dependencies = (
				7D67C98B16CD88C100C09A80 /* PBXTargetDependency */,
			);
			name = DwollaV2Tests;
			productName = DwollaV2Tests;
			productReference = 7D67C98516CD88C100C09A80 /* DwollaV2Tests.octest */;
			productType = "com.apple.product-type.bundle";
		};
/* End PBXNativeTarget section */

/* Begin PBXProject section */
		7D67C95216CD88C000C09A80 /* Project object */ = {
			isa = PBXProject;
			attributes = {
				LastUpgradeCheck = 0450;
				ORGANIZATIONNAME = "Nick Schulze";
			};
			buildConfigurationList = 7D67C95516CD88C000C09A80 /* Build configuration list for PBXProject "DwollaV2" */;
			compatibilityVersion = "Xcode 3.2";
			developmentRegion = English;
			hasScannedForEncodings = 0;
			knownRegions = (
				en,
			);
			mainGroup = 7D67C95016CD88C000C09A80;
			productRefGroup = 7D67C95C16CD88C100C09A80 /* Products */;
			projectDirPath = "";
			projectRoot = "";
			targets = (
				7D67C95A16CD88C000C09A80 /* DwollaV2 */,
				7D67C98416CD88C100C09A80 /* DwollaV2Tests */,
			);
		};
/* End PBXProject section */

/* Begin PBXResourcesBuildPhase section */
		7D67C95916CD88C000C09A80 /* Resources */ = {
			isa = PBXResourcesBuildPhase;
			buildActionMask = 2147483647;
			files = (
				7D67C96A16CD88C100C09A80 /* InfoPlist.strings in Resources */,
				7D67C97216CD88C100C09A80 /* Default.png in Resources */,
				7D67C97416CD88C100C09A80 /* Default@2x.png in Resources */,
				7D67C97616CD88C100C09A80 /* Default-568h@2x.png in Resources */,
				7D67C97C16CD88C100C09A80 /* ViewController_iPhone.xib in Resources */,
				7D67C97F16CD88C100C09A80 /* ViewController_iPad.xib in Resources */,
			);
			runOnlyForDeploymentPostprocessing = 0;
		};
		7D67C98216CD88C100C09A80 /* Resources */ = {
			isa = PBXResourcesBuildPhase;
			buildActionMask = 2147483647;
			files = (
				7D67C99116CD88C100C09A80 /* InfoPlist.strings in Resources */,
			);
			runOnlyForDeploymentPostprocessing = 0;
		};
/* End PBXResourcesBuildPhase section */

/* Begin PBXShellScriptBuildPhase section */
		7D67C98316CD88C100C09A80 /* ShellScript */ = {
			isa = PBXShellScriptBuildPhase;
			buildActionMask = 2147483647;
			files = (
			);
			inputPaths = (
			);
			outputPaths = (
			);
			runOnlyForDeploymentPostprocessing = 0;
			shellPath = /bin/sh;
			shellScript = "# Run the unit tests in this test bundle.\n\"${SYSTEM_DEVELOPER_DIR}/Tools/RunUnitTests\"\n";
		};
/* End PBXShellScriptBuildPhase section */

/* Begin PBXSourcesBuildPhase section */
		7D67C95716CD88C000C09A80 /* Sources */ = {
			isa = PBXSourcesBuildPhase;
			buildActionMask = 2147483647;
			files = (
				7D67C96C16CD88C100C09A80 /* main.m in Sources */,
				7D67C97016CD88C100C09A80 /* AppDelegate.m in Sources */,
				7D67C97916CD88C100C09A80 /* ViewController.m in Sources */,
			);
			runOnlyForDeploymentPostprocessing = 0;
		};
		7D67C98016CD88C100C09A80 /* Sources */ = {
			isa = PBXSourcesBuildPhase;
			buildActionMask = 2147483647;
			files = (
				7D67C99416CD88C100C09A80 /* DwollaV2Tests.m in Sources */,
			);
			runOnlyForDeploymentPostprocessing = 0;
		};
/* End PBXSourcesBuildPhase section */

/* Begin PBXTargetDependency section */
		7D67C98B16CD88C100C09A80 /* PBXTargetDependency */ = {
			isa = PBXTargetDependency;
			target = 7D67C95A16CD88C000C09A80 /* DwollaV2 */;
			targetProxy = 7D67C98A16CD88C100C09A80 /* PBXContainerItemProxy */;
		};
/* End PBXTargetDependency section */

/* Begin PBXVariantGroup section */
		7D67C96816CD88C100C09A80 /* InfoPlist.strings */ = {
			isa = PBXVariantGroup;
			children = (
				7D67C96916CD88C100C09A80 /* en */,
			);
			name = InfoPlist.strings;
			sourceTree = "<group>";
		};
		7D67C97A16CD88C100C09A80 /* ViewController_iPhone.xib */ = {
			isa = PBXVariantGroup;
			children = (
				7D67C97B16CD88C100C09A80 /* en */,
			);
			name = ViewController_iPhone.xib;
			sourceTree = "<group>";
		};
		7D67C97D16CD88C100C09A80 /* ViewController_iPad.xib */ = {
			isa = PBXVariantGroup;
			children = (
				7D67C97E16CD88C100C09A80 /* en */,
			);
			name = ViewController_iPad.xib;
			sourceTree = "<group>";
		};
		7D67C98F16CD88C100C09A80 /* InfoPlist.strings */ = {
			isa = PBXVariantGroup;
			children = (
				7D67C99016CD88C100C09A80 /* en */,
			);
			name = InfoPlist.strings;
			sourceTree = "<group>";
		};
/* End PBXVariantGroup section */

/* Begin XCBuildConfiguration section */
		7D67C99516CD88C100C09A80 /* Debug */ = {
			isa = XCBuildConfiguration;
			buildSettings = {
				ALWAYS_SEARCH_USER_PATHS = NO;
				CLANG_CXX_LANGUAGE_STANDARD = "gnu++0x";
				CLANG_CXX_LIBRARY = "libc++";
				CLANG_ENABLE_OBJC_ARC = YES;
				CLANG_WARN_EMPTY_BODY = YES;
				CLANG_WARN__DUPLICATE_METHOD_MATCH = YES;
				"CODE_SIGN_IDENTITY[sdk=iphoneos*]" = "iPhone Developer";
				COPY_PHASE_STRIP = NO;
				GCC_C_LANGUAGE_STANDARD = gnu99;
				GCC_DYNAMIC_NO_PIC = NO;
				GCC_OPTIMIZATION_LEVEL = 0;
				GCC_PREPROCESSOR_DEFINITIONS = (
					"DEBUG=1",
					"$(inherited)",
				);
				GCC_SYMBOLS_PRIVATE_EXTERN = NO;
				GCC_WARN_ABOUT_RETURN_TYPE = YES;
				GCC_WARN_UNINITIALIZED_AUTOS = YES;
				GCC_WARN_UNUSED_VARIABLE = YES;
				IPHONEOS_DEPLOYMENT_TARGET = 6.0;
				ONLY_ACTIVE_ARCH = YES;
				SDKROOT = iphoneos;
				TARGETED_DEVICE_FAMILY = "1,2";
			};
			name = Debug;
		};
		7D67C99616CD88C100C09A80 /* Release */ = {
			isa = XCBuildConfiguration;
			buildSettings = {
				ALWAYS_SEARCH_USER_PATHS = NO;
				CLANG_CXX_LANGUAGE_STANDARD = "gnu++0x";
				CLANG_CXX_LIBRARY = "libc++";
				CLANG_ENABLE_OBJC_ARC = YES;
				CLANG_WARN_EMPTY_BODY = YES;
				CLANG_WARN__DUPLICATE_METHOD_MATCH = YES;
				"CODE_SIGN_IDENTITY[sdk=iphoneos*]" = "iPhone Developer";
				COPY_PHASE_STRIP = YES;
				GCC_C_LANGUAGE_STANDARD = gnu99;
				GCC_WARN_ABOUT_RETURN_TYPE = YES;
				GCC_WARN_UNINITIALIZED_AUTOS = YES;
				GCC_WARN_UNUSED_VARIABLE = YES;
				IPHONEOS_DEPLOYMENT_TARGET = 6.0;
				OTHER_CFLAGS = "-DNS_BLOCK_ASSERTIONS=1";
				SDKROOT = iphoneos;
				TARGETED_DEVICE_FAMILY = "1,2";
				VALIDATE_PRODUCT = YES;
			};
			name = Release;
		};
		7D67C99816CD88C100C09A80 /* Debug */ = {
			isa = XCBuildConfiguration;
			buildSettings = {
				GCC_PRECOMPILE_PREFIX_HEADER = YES;
				GCC_PREFIX_HEADER = "DwollaV2/DwollaV2-Prefix.pch";
				INFOPLIST_FILE = "DwollaV2/DwollaV2-Info.plist";
				PRODUCT_NAME = "$(TARGET_NAME)";
				WRAPPER_EXTENSION = app;
			};
			name = Debug;
		};
		7D67C99916CD88C100C09A80 /* Release */ = {
			isa = XCBuildConfiguration;
			buildSettings = {
				GCC_PRECOMPILE_PREFIX_HEADER = YES;
				GCC_PREFIX_HEADER = "DwollaV2/DwollaV2-Prefix.pch";
				INFOPLIST_FILE = "DwollaV2/DwollaV2-Info.plist";
				PRODUCT_NAME = "$(TARGET_NAME)";
				WRAPPER_EXTENSION = app;
			};
			name = Release;
		};
		7D67C99B16CD88C100C09A80 /* Debug */ = {
			isa = XCBuildConfiguration;
			buildSettings = {
				BUNDLE_LOADER = "$(BUILT_PRODUCTS_DIR)/DwollaV2.app/DwollaV2";
				FRAMEWORK_SEARCH_PATHS = (
					"\"$(SDKROOT)/Developer/Library/Frameworks\"",
					"\"$(DEVELOPER_LIBRARY_DIR)/Frameworks\"",
				);
				GCC_PRECOMPILE_PREFIX_HEADER = YES;
				GCC_PREFIX_HEADER = "DwollaV2/DwollaV2-Prefix.pch";
				INFOPLIST_FILE = "DwollaV2Tests/DwollaV2Tests-Info.plist";
				PRODUCT_NAME = "$(TARGET_NAME)";
				TEST_HOST = "$(BUNDLE_LOADER)";
				WRAPPER_EXTENSION = octest;
			};
			name = Debug;
		};
		7D67C99C16CD88C100C09A80 /* Release */ = {
			isa = XCBuildConfiguration;
			buildSettings = {
				BUNDLE_LOADER = "$(BUILT_PRODUCTS_DIR)/DwollaV2.app/DwollaV2";
				FRAMEWORK_SEARCH_PATHS = (
					"\"$(SDKROOT)/Developer/Library/Frameworks\"",
					"\"$(DEVELOPER_LIBRARY_DIR)/Frameworks\"",
				);
				GCC_PRECOMPILE_PREFIX_HEADER = YES;
				GCC_PREFIX_HEADER = "DwollaV2/DwollaV2-Prefix.pch";
				INFOPLIST_FILE = "DwollaV2Tests/DwollaV2Tests-Info.plist";
				PRODUCT_NAME = "$(TARGET_NAME)";
				TEST_HOST = "$(BUNDLE_LOADER)";
				WRAPPER_EXTENSION = octest;
			};
			name = Release;
		};
/* End XCBuildConfiguration section */

/* Begin XCConfigurationList section */
		7D67C95516CD88C000C09A80 /* Build configuration list for PBXProject "DwollaV2" */ = {
			isa = XCConfigurationList;
			buildConfigurations = (
				7D67C99516CD88C100C09A80 /* Debug */,
				7D67C99616CD88C100C09A80 /* Release */,
			);
			defaultConfigurationIsVisible = 0;
			defaultConfigurationName = Release;
		};
		7D67C99716CD88C100C09A80 /* Build configuration list for PBXNativeTarget "DwollaV2" */ = {
			isa = XCConfigurationList;
			buildConfigurations = (
				7D67C99816CD88C100C09A80 /* Debug */,
				7D67C99916CD88C100C09A80 /* Release */,
			);
			defaultConfigurationIsVisible = 0;
		};
		7D67C99A16CD88C100C09A80 /* Build configuration list for PBXNativeTarget "DwollaV2Tests" */ = {
			isa = XCConfigurationList;
			buildConfigurations = (
				7D67C99B16CD88C100C09A80 /* Debug */,
				7D67C99C16CD88C100C09A80 /* Release */,
			);
			defaultConfigurationIsVisible = 0;
		};
/* End XCConfigurationList section */
	};
	rootObject = 7D67C95216CD88C000C09A80 /* Project object */;
}
